{
  "name": "@statoscope/rules-webpack",
  "version": "5.0.0",
  "lockfileVersion": 1,
  "requires": true,
  "dependencies": {
    "jora": {
      "version": "1.0.0-beta.5",
      "resolved": "https://npm.yandex-team.ru/jora/-/jora-1.0.0-beta.5.tgz?rbtorrent=716c41a68883b04d938bb7dcd2698cb8ce337f3b",
      "integrity": "sha512-hPJKQyF0eiCqQOwfgIuQa+8wIn+WcEcjjyeOchuiXEUnt6zbV0tHKsUqRRwJY47ZtBiGcJQNr/BGuYW1Sfwbvg=="
    },
    "lru-cache": {
      "version": "6.0.0",
      "resolved": "https://npm.yandex-team.ru/lru-cache/-/lru-cache-6.0.0.tgz?rbtorrent=e1af76c311f7f57072554f31e959f850e2aafd00",
      "integrity": "sha512-Jo6dJ04CmSjuznwJSS3pUeWmd/H0ffTlkXXgwZi+eq1UCmqQwCh+eLsYOYCwY991i2Fah4h1BEMCx4qThGbsiA==",
      "requires": {
        "yallist": "^4.0.0"
      }
    },
    "semver": {
      "version": "7.3.5",
      "resolved": "https://npm.yandex-team.ru/semver/-/semver-7.3.5.tgz?rbtorrent=9b74f0e83817dfded878e23f82bb92c3a0a8d1e8",
      "integrity": "sha512-PoeGJYh8HK4BTO/a9Tf6ZG3veo/A7ZVsYrSA6J8ny9nb3B1VrpkuN+z9OE5wfE5p6H4LchYZsegiQgbJD94ZFQ==",
      "requires": {
        "lru-cache": "^6.0.0"
      }
    },
    "yallist": {
      "version": "4.0.0",
      "resolved": "https://npm.yandex-team.ru/yallist/-/yallist-4.0.0.tgz?rbtorrent=ca0ffad79943d0b388e9009deaa7e003cbab93c7",
      "integrity": "sha512-3wdGidZyq5PB084XLES5TpOSRA3wjXAlIWMhum2kRcv/41Sn2emQ0dycQW4uZXLejwKvg6EsvbdlVL+FYEct7A=="
    }
  }
}
